
Microsoft Visual Studio Solution File, Format Version 12.00
# Visual Studio 2012
Project("{FAE04EC0-301F-11D3-BF4B-00C04F79EFBC}") = "MovieHue.Logic", "MovieHue\MovieHue.Logic.csproj", "{248D2D29-A569-443A-A600-785ECCCD4774}"
EndProject
Project("{FAE04EC0-301F-11D3-BF4B-00C04F79EFBC}") = "MovieHue.GUI", "Main\MovieHue.GUI.csproj", "{14CA992D-F5D5-43EF-BF8B-32A9A7D345C2}"
EndProject
Global
	GlobalSection(SolutionConfigurationPlatforms) = preSolution
		Debug|Any CPU = Debug|Any CPU
		Release|Any CPU = Release|Any CPU
	EndGlobalSection
	GlobalSection(ProjectConfigurationPlatforms) = postSolution
		{248D2D29-A569-443A-A600-785ECCCD4774}.Debug|Any CPU.ActiveCfg = Debug|Any CPU
		{248D2D29-A569-443A-A600-785ECCCD4774}.Debug|Any CPU.Build.0 = Debug|Any CPU
		{248D2D29-A569-443A-A600-785ECCCD4774}.Release|Any CPU.ActiveCfg = Release|Any CPU
		{248D2D29-A569-443A-A600-785ECCCD4774}.Release|Any CPU.Build.0 = Release|Any CPU
		{14CA992D-F5D5-43EF-BF8B-32A9A7D345C2}.Debug|Any CPU.ActiveCfg = Debug|Any CPU
		{14CA992D-F5D5-43EF-BF8B-32A9A7D345C2}.Debug|Any CPU.Build.0 = Debug|Any CPU
		{14CA992D-F5D5-43EF-BF8B-32A9A7D345C2}.Release|Any CPU.ActiveCfg = Release|Any CPU
		{14CA992D-F5D5-43EF-BF8B-32A9A7D345C2}.Release|Any CPU.Build.0 = Release|Any CPU
	EndGlobalSection
	GlobalSection(SolutionProperties) = preSolution
		HideSolutionNode = FALSE
	EndGlobalSection
EndGlobal
